dependencies:
- name: janebank
  repository: file://../../janebank
  version: 0.1.0
- name: configserver
  repository: file://../../janebank-services/configserver
  version: 0.1.0
- name: eurekaserver
  repository: file://../../janebank-services/eurekaserver
  version: 0.1.0
- name: accounts
  repository: file://../../janebank-services/accounts
  version: 0.1.0
- name: cards
  repository: file://../../janebank-services/cards
  version: 0.1.0
- name: loans
  repository: file://../../janebank-services/loans
  version: 0.1.0
- name: gatewayserver
  repository: file://../../janebank-services/gatewayserver
  version: 0.1.0
- name: message
  repository: file://../../janebank-services/message
  version: 0.1.0
digest: sha256:d9aec855311f72286a711322734358fd90d61e7ab0e8ef80dea05b637e020544
generated: "2023-09-01T12:06:31.531688+05:30"
